
Microsoft Visual Studio Solution File, Format Version 12.00
# Visual Studio Version 16
VisualStudioVersion = 16.0.31005.135
MinimumVisualStudioVersion = 10.0.40219.1
Project("{2150E333-8FDC-42A3-9474-1A3956D46DE8}") = "Chapter1", "Chapter1", "{214E1745-E637-47ED-AB43-020FE42043EE}"
EndProject
Project("{2150E333-8FDC-42A3-9474-1A3956D46DE8}") = "Chapter2", "Chapter2", "{385F3571-B915-4BED-B0BB-59B84053378C}"
EndProject
Project("{2150E333-8FDC-42A3-9474-1A3956D46DE8}") = "Chapter3", "Chapter3", "{CFFBD464-5D11-4CE1-A93E-4D69D42581D6}"
EndProject
Project("{2150E333-8FDC-42A3-9474-1A3956D46DE8}") = "Chapter4", "Chapter4", "{D12EA613-0F26-4FB3-9260-67D75F8C1425}"
EndProject
Project("{8BC9CEB8-8B4A-11D0-8D11-00A0C91BC942}") = "Builder", "Chapter1\Builder\Builder.vcxproj", "{AE4D4DFE-140D-48DB-AA8A-3C64DD32E925}"
EndProject
Project("{8BC9CEB8-8B4A-11D0-8D11-00A0C91BC942}") = "Factory", "Chapter1\Factory\Factory.vcxproj", "{B597ACCC-8543-421E-9AB9-919D28B3DFDC}"
EndProject
Project("{8BC9CEB8-8B4A-11D0-8D11-00A0C91BC942}") = "ProtoType", "Chapter1\ProtoType\ProtoType.vcxproj", "{2B763631-5CB6-45B2-8F0A-809FAE018453}"
EndProject
Project("{8BC9CEB8-8B4A-11D0-8D11-00A0C91BC942}") = "Singleton", "Chapter1\Singleton\Singleton.vcxproj", "{8C0E2C79-03C2-4B59-B4DA-E773D5D2B734}"
EndProject
Project("{8BC9CEB8-8B4A-11D0-8D11-00A0C91BC942}") = "Adapter", "Chapter2\Adapter\Adapter.vcxproj", "{C1CA6959-7D04-4103-A916-93819C13D6C7}"
EndProject
Project("{8BC9CEB8-8B4A-11D0-8D11-00A0C91BC942}") = "Bridge", "Chapter2\Bridge\Bridge.vcxproj", "{087F18A7-5208-46EB-B605-BF1B51530C1D}"
EndProject
Project("{8BC9CEB8-8B4A-11D0-8D11-00A0C91BC942}") = "Composite", "Chapter2\Composite\Composite.vcxproj", "{D184F867-D3A0-48CA-A243-BA4C30B8F184}"
EndProject
Project("{8BC9CEB8-8B4A-11D0-8D11-00A0C91BC942}") = "Decorate", "Chapter2\Decorate\Decorate.vcxproj", "{5DD3C093-58DD-42AB-9138-33CD91F5CD6B}"
EndProject
Project("{8BC9CEB8-8B4A-11D0-8D11-00A0C91BC942}") = "Facade", "Chapter2\Facade\Facade.vcxproj", "{5A9324B0-586B-4CAD-B9AC-EB0F16D3983E}"
EndProject
Project("{8BC9CEB8-8B4A-11D0-8D11-00A0C91BC942}") = "Flyweight", "Chapter2\Flyweight\Flyweight.vcxproj", "{9B2E517F-CC9B-4A81-9B13-561B4773D143}"
EndProject
Project("{8BC9CEB8-8B4A-11D0-8D11-00A0C91BC942}") = "Proxy", "Chapter2\Proxy\Proxy.vcxproj", "{4AC462B1-11FE-4B67-A3D3-66CB72154BDD}"
EndProject
Project("{8BC9CEB8-8B4A-11D0-8D11-00A0C91BC942}") = "ChainOfResponsibility", "Chapter3\ChainOfResponsibility\ChainOfResponsibility.vcxproj", "{8E414EF6-69DD-429B-8199-98830E49CDDD}"
EndProject
Project("{8BC9CEB8-8B4A-11D0-8D11-00A0C91BC942}") = "Command", "Chapter3\Command\Command.vcxproj", "{9381C7D2-5234-4A53-8F64-3D28578614B2}"
EndProject
Project("{8BC9CEB8-8B4A-11D0-8D11-00A0C91BC942}") = "Interpreter", "Chapter3\Interpreter\Interpreter.vcxproj", "{56E25B06-7D35-49A0-BE8C-C89C246C607A}"
EndProject
Project("{8BC9CEB8-8B4A-11D0-8D11-00A0C91BC942}") = "Iterator", "Chapter3\Iterator\Iterator.vcxproj", "{FB231C38-55C4-4E58-9AB1-7196843A0D8E}"
EndProject
Project("{8BC9CEB8-8B4A-11D0-8D11-00A0C91BC942}") = "Mediator", "Chapter3\Mediator\Mediator.vcxproj", "{536B15BC-64CF-4311-99DE-E7767D182FB4}"
EndProject
Project("{8BC9CEB8-8B4A-11D0-8D11-00A0C91BC942}") = "Memento", "Chapter3\Memento\Memento.vcxproj", "{2105B26B-56C0-435E-8B2D-2ABE2720CF18}"
EndProject
Project("{8BC9CEB8-8B4A-11D0-8D11-00A0C91BC942}") = "NullObject", "Chapter3\NullObject\NullObject.vcxproj", "{94162883-6281-4D5C-9056-F2C57165FB16}"
EndProject
Project("{8BC9CEB8-8B4A-11D0-8D11-00A0C91BC942}") = "Observer", "Chapter3\Observer\Observer.vcxproj", "{F644668B-AD15-4E84-8A36-95AA51B0DF05}"
EndProject
Project("{8BC9CEB8-8B4A-11D0-8D11-00A0C91BC942}") = "State", "Chapter3\State\State.vcxproj", "{A7B414B5-F0EA-4568-B344-2A3CC4E69D8D}"
EndProject
Project("{8BC9CEB8-8B4A-11D0-8D11-00A0C91BC942}") = "Strategy", "Chapter3\Strategy\Strategy.vcxproj", "{962DC795-329B-46DF-9010-B2789BE4E575}"
EndProject
Project("{8BC9CEB8-8B4A-11D0-8D11-00A0C91BC942}") = "TemplateMethod", "Chapter3\TemplateMethod\TemplateMethod.vcxproj", "{1586C53A-E374-4BB7-B857-B5A7FBC17BD2}"
EndProject
Project("{8BC9CEB8-8B4A-11D0-8D11-00A0C91BC942}") = "Visitor", "Chapter3\Visitor\Visitor.vcxproj", "{C8D6D47D-D5E3-4334-8184-25F7EFE212E9}"
EndProject
Project("{8BC9CEB8-8B4A-11D0-8D11-00A0C91BC942}") = "MaybeMonad", "Chapter4\MaybeMonad\MaybeMonad.vcxproj", "{E4332A1E-2C1C-402D-AF83-750BFB45F0D3}"
EndProject
Global
	GlobalSection(SolutionConfigurationPlatforms) = preSolution
		Debug|x64 = Debug|x64
		Debug|x86 = Debug|x86
		Release|x64 = Release|x64
		Release|x86 = Release|x86
	EndGlobalSection
	GlobalSection(ProjectConfigurationPlatforms) = postSolution
		{AE4D4DFE-140D-48DB-AA8A-3C64DD32E925}.Debug|x64.ActiveCfg = Debug|x64
		{AE4D4DFE-140D-48DB-AA8A-3C64DD32E925}.Debug|x64.Build.0 = Debug|x64
		{AE4D4DFE-140D-48DB-AA8A-3C64DD32E925}.Debug|x86.ActiveCfg = Debug|Win32
		{AE4D4DFE-140D-48DB-AA8A-3C64DD32E925}.Debug|x86.Build.0 = Debug|Win32
		{AE4D4DFE-140D-48DB-AA8A-3C64DD32E925}.Release|x64.ActiveCfg = Release|x64
		{AE4D4DFE-140D-48DB-AA8A-3C64DD32E925}.Release|x64.Build.0 = Release|x64
		{AE4D4DFE-140D-48DB-AA8A-3C64DD32E925}.Release|x86.ActiveCfg = Release|Win32
		{AE4D4DFE-140D-48DB-AA8A-3C64DD32E925}.Release|x86.Build.0 = Release|Win32
		{B597ACCC-8543-421E-9AB9-919D28B3DFDC}.Debug|x64.ActiveCfg = Debug|x64
		{B597ACCC-8543-421E-9AB9-919D28B3DFDC}.Debug|x64.Build.0 = Debug|x64
		{B597ACCC-8543-421E-9AB9-919D28B3DFDC}.Debug|x86.ActiveCfg = Debug|Win32
		{B597ACCC-8543-421E-9AB9-919D28B3DFDC}.Debug|x86.Build.0 = Debug|Win32
		{B597ACCC-8543-421E-9AB9-919D28B3DFDC}.Release|x64.ActiveCfg = Release|x64
		{B597ACCC-8543-421E-9AB9-919D28B3DFDC}.Release|x64.Build.0 = Release|x64
		{B597ACCC-8543-421E-9AB9-919D28B3DFDC}.Release|x86.ActiveCfg = Release|Win32
		{B597ACCC-8543-421E-9AB9-919D28B3DFDC}.Release|x86.Build.0 = Release|Win32
		{2B763631-5CB6-45B2-8F0A-809FAE018453}.Debug|x64.ActiveCfg = Debug|x64
		{2B763631-5CB6-45B2-8F0A-809FAE018453}.Debug|x64.Build.0 = Debug|x64
		{2B763631-5CB6-45B2-8F0A-809FAE018453}.Debug|x86.ActiveCfg = Debug|Win32
		{2B763631-5CB6-45B2-8F0A-809FAE018453}.Debug|x86.Build.0 = Debug|Win32
		{2B763631-5CB6-45B2-8F0A-809FAE018453}.Release|x64.ActiveCfg = Release|x64
		{2B763631-5CB6-45B2-8F0A-809FAE018453}.Release|x64.Build.0 = Release|x64
		{2B763631-5CB6-45B2-8F0A-809FAE018453}.Release|x86.ActiveCfg = Release|Win32
		{2B763631-5CB6-45B2-8F0A-809FAE018453}.Release|x86.Build.0 = Release|Win32
		{8C0E2C79-03C2-4B59-B4DA-E773D5D2B734}.Debug|x64.ActiveCfg = Debug|x64
		{8C0E2C79-03C2-4B59-B4DA-E773D5D2B734}.Debug|x64.Build.0 = Debug|x64
		{8C0E2C79-03C2-4B59-B4DA-E773D5D2B734}.Debug|x86.ActiveCfg = Debug|Win32
		{8C0E2C79-03C2-4B59-B4DA-E773D5D2B734}.Debug|x86.Build.0 = Debug|Win32
		{8C0E2C79-03C2-4B59-B4DA-E773D5D2B734}.Release|x64.ActiveCfg = Release|x64
		{8C0E2C79-03C2-4B59-B4DA-E773D5D2B734}.Release|x64.Build.0 = Release|x64
		{8C0E2C79-03C2-4B59-B4DA-E773D5D2B734}.Release|x86.ActiveCfg = Release|Win32
		{8C0E2C79-03C2-4B59-B4DA-E773D5D2B734}.Release|x86.Build.0 = Release|Win32
		{C1CA6959-7D04-4103-A916-93819C13D6C7}.Debug|x64.ActiveCfg = Debug|x64
		{C1CA6959-7D04-4103-A916-93819C13D6C7}.Debug|x64.Build.0 = Debug|x64
		{C1CA6959-7D04-4103-A916-93819C13D6C7}.Debug|x86.ActiveCfg = Debug|Win32
		{C1CA6959-7D04-4103-A916-93819C13D6C7}.Debug|x86.Build.0 = Debug|Win32
		{C1CA6959-7D04-4103-A916-93819C13D6C7}.Release|x64.ActiveCfg = Release|x64
		{C1CA6959-7D04-4103-A916-93819C13D6C7}.Release|x64.Build.0 = Release|x64
		{C1CA6959-7D04-4103-A916-93819C13D6C7}.Release|x86.ActiveCfg = Release|Win32
		{C1CA6959-7D04-4103-A916-93819C13D6C7}.Release|x86.Build.0 = Release|Win32
		{087F18A7-5208-46EB-B605-BF1B51530C1D}.Debug|x64.ActiveCfg = Debug|x64
		{087F18A7-5208-46EB-B605-BF1B51530C1D}.Debug|x64.Build.0 = Debug|x64
		{087F18A7-5208-46EB-B605-BF1B51530C1D}.Debug|x86.ActiveCfg = Debug|Win32
		{087F18A7-5208-46EB-B605-BF1B51530C1D}.Debug|x86.Build.0 = Debug|Win32
		{087F18A7-5208-46EB-B605-BF1B51530C1D}.Release|x64.ActiveCfg = Release|x64
		{087F18A7-5208-46EB-B605-BF1B51530C1D}.Release|x64.Build.0 = Release|x64
		{087F18A7-5208-46EB-B605-BF1B51530C1D}.Release|x86.ActiveCfg = Release|Win32
		{087F18A7-5208-46EB-B605-BF1B51530C1D}.Release|x86.Build.0 = Release|Win32
		{D184F867-D3A0-48CA-A243-BA4C30B8F184}.Debug|x64.ActiveCfg = Debug|x64
		{D184F867-D3A0-48CA-A243-BA4C30B8F184}.Debug|x64.Build.0 = Debug|x64
		{D184F867-D3A0-48CA-A243-BA4C30B8F184}.Debug|x86.ActiveCfg = Debug|Win32
		{D184F867-D3A0-48CA-A243-BA4C30B8F184}.Debug|x86.Build.0 = Debug|Win32
		{D184F867-D3A0-48CA-A243-BA4C30B8F184}.Release|x64.ActiveCfg = Release|x64
		{D184F867-D3A0-48CA-A243-BA4C30B8F184}.Release|x64.Build.0 = Release|x64
		{D184F867-D3A0-48CA-A243-BA4C30B8F184}.Release|x86.ActiveCfg = Release|Win32
		{D184F867-D3A0-48CA-A243-BA4C30B8F184}.Release|x86.Build.0 = Release|Win32
		{5DD3C093-58DD-42AB-9138-33CD91F5CD6B}.Debug|x64.ActiveCfg = Debug|x64
		{5DD3C093-58DD-42AB-9138-33CD91F5CD6B}.Debug|x64.Build.0 = Debug|x64
		{5DD3C093-58DD-42AB-9138-33CD91F5CD6B}.Debug|x86.ActiveCfg = Debug|Win32
		{5DD3C093-58DD-42AB-9138-33CD91F5CD6B}.Debug|x86.Build.0 = Debug|Win32
		{5DD3C093-58DD-42AB-9138-33CD91F5CD6B}.Release|x64.ActiveCfg = Release|x64
		{5DD3C093-58DD-42AB-9138-33CD91F5CD6B}.Release|x64.Build.0 = Release|x64
		{5DD3C093-58DD-42AB-9138-33CD91F5CD6B}.Release|x86.ActiveCfg = Release|Win32
		{5DD3C093-58DD-42AB-9138-33CD91F5CD6B}.Release|x86.Build.0 = Release|Win32
		{5A9324B0-586B-4CAD-B9AC-EB0F16D3983E}.Debug|x64.ActiveCfg = Debug|x64
		{5A9324B0-586B-4CAD-B9AC-EB0F16D3983E}.Debug|x64.Build.0 = Debug|x64
		{5A9324B0-586B-4CAD-B9AC-EB0F16D3983E}.Debug|x86.ActiveCfg = Debug|Win32
		{5A9324B0-586B-4CAD-B9AC-EB0F16D3983E}.Debug|x86.Build.0 = Debug|Win32
		{5A9324B0-586B-4CAD-B9AC-EB0F16D3983E}.Release|x64.ActiveCfg = Release|x64
		{5A9324B0-586B-4CAD-B9AC-EB0F16D3983E}.Release|x64.Build.0 = Release|x64
		{5A9324B0-586B-4CAD-B9AC-EB0F16D3983E}.Release|x86.ActiveCfg = Release|Win32
		{5A9324B0-586B-4CAD-B9AC-EB0F16D3983E}.Release|x86.Build.0 = Release|Win32
		{9B2E517F-CC9B-4A81-9B13-561B4773D143}.Debug|x64.ActiveCfg = Debug|x64
		{9B2E517F-CC9B-4A81-9B13-561B4773D143}.Debug|x64.Build.0 = Debug|x64
		{9B2E517F-CC9B-4A81-9B13-561B4773D143}.Debug|x86.ActiveCfg = Debug|Win32
		{9B2E517F-CC9B-4A81-9B13-561B4773D143}.Debug|x86.Build.0 = Debug|Win32
		{9B2E517F-CC9B-4A81-9B13-561B4773D143}.Release|x64.ActiveCfg = Release|x64
		{9B2E517F-CC9B-4A81-9B13-561B4773D143}.Release|x64.Build.0 = Release|x64
		{9B2E517F-CC9B-4A81-9B13-561B4773D143}.Release|x86.ActiveCfg = Release|Win32
		{9B2E517F-CC9B-4A81-9B13-561B4773D143}.Release|x86.Build.0 = Release|Win32
		{4AC462B1-11FE-4B67-A3D3-66CB72154BDD}.Debug|x64.ActiveCfg = Debug|x64
		{4AC462B1-11FE-4B67-A3D3-66CB72154BDD}.Debug|x64.Build.0 = Debug|x64
		{4AC462B1-11FE-4B67-A3D3-66CB72154BDD}.Debug|x86.ActiveCfg = Debug|Win32
		{4AC462B1-11FE-4B67-A3D3-66CB72154BDD}.Debug|x86.Build.0 = Debug|Win32
		{4AC462B1-11FE-4B67-A3D3-66CB72154BDD}.Release|x64.ActiveCfg = Release|x64
		{4AC462B1-11FE-4B67-A3D3-66CB72154BDD}.Release|x64.Build.0 = Release|x64
		{4AC462B1-11FE-4B67-A3D3-66CB72154BDD}.Release|x86.ActiveCfg = Release|Win32
		{4AC462B1-11FE-4B67-A3D3-66CB72154BDD}.Release|x86.Build.0 = Release|Win32
		{8E414EF6-69DD-429B-8199-98830E49CDDD}.Debug|x64.ActiveCfg = Debug|x64
		{8E414EF6-69DD-429B-8199-98830E49CDDD}.Debug|x64.Build.0 = Debug|x64
		{8E414EF6-69DD-429B-8199-98830E49CDDD}.Debug|x86.ActiveCfg = Debug|Win32
		{8E414EF6-69DD-429B-8199-98830E49CDDD}.Debug|x86.Build.0 = Debug|Win32
		{8E414EF6-69DD-429B-8199-98830E49CDDD}.Release|x64.ActiveCfg = Release|x64
		{8E414EF6-69DD-429B-8199-98830E49CDDD}.Release|x64.Build.0 = Release|x64
		{8E414EF6-69DD-429B-8199-98830E49CDDD}.Release|x86.ActiveCfg = Release|Win32
		{8E414EF6-69DD-429B-8199-98830E49CDDD}.Release|x86.Build.0 = Release|Win32
		{9381C7D2-5234-4A53-8F64-3D28578614B2}.Debug|x64.ActiveCfg = Debug|x64
		{9381C7D2-5234-4A53-8F64-3D28578614B2}.Debug|x64.Build.0 = Debug|x64
		{9381C7D2-5234-4A53-8F64-3D28578614B2}.Debug|x86.ActiveCfg = Debug|Win32
		{9381C7D2-5234-4A53-8F64-3D28578614B2}.Debug|x86.Build.0 = Debug|Win32
		{9381C7D2-5234-4A53-8F64-3D28578614B2}.Release|x64.ActiveCfg = Release|x64
		{9381C7D2-5234-4A53-8F64-3D28578614B2}.Release|x64.Build.0 = Release|x64
		{9381C7D2-5234-4A53-8F64-3D28578614B2}.Release|x86.ActiveCfg = Release|Win32
		{9381C7D2-5234-4A53-8F64-3D28578614B2}.Release|x86.Build.0 = Release|Win32
		{56E25B06-7D35-49A0-BE8C-C89C246C607A}.Debug|x64.ActiveCfg = Debug|x64
		{56E25B06-7D35-49A0-BE8C-C89C246C607A}.Debug|x64.Build.0 = Debug|x64
		{56E25B06-7D35-49A0-BE8C-C89C246C607A}.Debug|x86.ActiveCfg = Debug|Win32
		{56E25B06-7D35-49A0-BE8C-C89C246C607A}.Debug|x86.Build.0 = Debug|Win32
		{56E25B06-7D35-49A0-BE8C-C89C246C607A}.Release|x64.ActiveCfg = Release|x64
		{56E25B06-7D35-49A0-BE8C-C89C246C607A}.Release|x64.Build.0 = Release|x64
		{56E25B06-7D35-49A0-BE8C-C89C246C607A}.Release|x86.ActiveCfg = Release|Win32
		{56E25B06-7D35-49A0-BE8C-C89C246C607A}.Release|x86.Build.0 = Release|Win32
		{FB231C38-55C4-4E58-9AB1-7196843A0D8E}.Debug|x64.ActiveCfg = Debug|x64
		{FB231C38-55C4-4E58-9AB1-7196843A0D8E}.Debug|x64.Build.0 = Debug|x64
		{FB231C38-55C4-4E58-9AB1-7196843A0D8E}.Debug|x86.ActiveCfg = Debug|Win32
		{FB231C38-55C4-4E58-9AB1-7196843A0D8E}.Debug|x86.Build.0 = Debug|Win32
		{FB231C38-55C4-4E58-9AB1-7196843A0D8E}.Release|x64.ActiveCfg = Release|x64
		{FB231C38-55C4-4E58-9AB1-7196843A0D8E}.Release|x64.Build.0 = Release|x64
		{FB231C38-55C4-4E58-9AB1-7196843A0D8E}.Release|x86.ActiveCfg = Release|Win32
		{FB231C38-55C4-4E58-9AB1-7196843A0D8E}.Release|x86.Build.0 = Release|Win32
		{536B15BC-64CF-4311-99DE-E7767D182FB4}.Debug|x64.ActiveCfg = Debug|x64
		{536B15BC-64CF-4311-99DE-E7767D182FB4}.Debug|x64.Build.0 = Debug|x64
		{536B15BC-64CF-4311-99DE-E7767D182FB4}.Debug|x86.ActiveCfg = Debug|Win32
		{536B15BC-64CF-4311-99DE-E7767D182FB4}.Debug|x86.Build.0 = Debug|Win32
		{536B15BC-64CF-4311-99DE-E7767D182FB4}.Release|x64.ActiveCfg = Release|x64
		{536B15BC-64CF-4311-99DE-E7767D182FB4}.Release|x64.Build.0 = Release|x64
		{536B15BC-64CF-4311-99DE-E7767D182FB4}.Release|x86.ActiveCfg = Release|Win32
		{536B15BC-64CF-4311-99DE-E7767D182FB4}.Release|x86.Build.0 = Release|Win32
		{2105B26B-56C0-435E-8B2D-2ABE2720CF18}.Debug|x64.ActiveCfg = Debug|x64
		{2105B26B-56C0-435E-8B2D-2ABE2720CF18}.Debug|x64.Build.0 = Debug|x64
		{2105B26B-56C0-435E-8B2D-2ABE2720CF18}.Debug|x86.ActiveCfg = Debug|Win32
		{2105B26B-56C0-435E-8B2D-2ABE2720CF18}.Debug|x86.Build.0 = Debug|Win32
		{2105B26B-56C0-435E-8B2D-2ABE2720CF18}.Release|x64.ActiveCfg = Release|x64
		{2105B26B-56C0-435E-8B2D-2ABE2720CF18}.Release|x64.Build.0 = Release|x64
		{2105B26B-56C0-435E-8B2D-2ABE2720CF18}.Release|x86.ActiveCfg = Release|Win32
		{2105B26B-56C0-435E-8B2D-2ABE2720CF18}.Release|x86.Build.0 = Release|Win32
		{94162883-6281-4D5C-9056-F2C57165FB16}.Debug|x64.ActiveCfg = Debug|x64
		{94162883-6281-4D5C-9056-F2C57165FB16}.Debug|x64.Build.0 = Debug|x64
		{94162883-6281-4D5C-9056-F2C57165FB16}.Debug|x86.ActiveCfg = Debug|Win32
		{94162883-6281-4D5C-9056-F2C57165FB16}.Debug|x86.Build.0 = Debug|Win32
		{94162883-6281-4D5C-9056-F2C57165FB16}.Release|x64.ActiveCfg = Release|x64
		{94162883-6281-4D5C-9056-F2C57165FB16}.Release|x64.Build.0 = Release|x64
		{94162883-6281-4D5C-9056-F2C57165FB16}.Release|x86.ActiveCfg = Release|Win32
		{94162883-6281-4D5C-9056-F2C57165FB16}.Release|x86.Build.0 = Release|Win32
		{F644668B-AD15-4E84-8A36-95AA51B0DF05}.Debug|x64.ActiveCfg = Debug|x64
		{F644668B-AD15-4E84-8A36-95AA51B0DF05}.Debug|x64.Build.0 = Debug|x64
		{F644668B-AD15-4E84-8A36-95AA51B0DF05}.Debug|x86.ActiveCfg = Debug|Win32
		{F644668B-AD15-4E84-8A36-95AA51B0DF05}.Debug|x86.Build.0 = Debug|Win32
		{F644668B-AD15-4E84-8A36-95AA51B0DF05}.Release|x64.ActiveCfg = Release|x64
		{F644668B-AD15-4E84-8A36-95AA51B0DF05}.Release|x64.Build.0 = Release|x64
		{F644668B-AD15-4E84-8A36-95AA51B0DF05}.Release|x86.ActiveCfg = Release|Win32
		{F644668B-AD15-4E84-8A36-95AA51B0DF05}.Release|x86.Build.0 = Release|Win32
		{A7B414B5-F0EA-4568-B344-2A3CC4E69D8D}.Debug|x64.ActiveCfg = Debug|x64
		{A7B414B5-F0EA-4568-B344-2A3CC4E69D8D}.Debug|x64.Build.0 = Debug|x64
		{A7B414B5-F0EA-4568-B344-2A3CC4E69D8D}.Debug|x86.ActiveCfg = Debug|Win32
		{A7B414B5-F0EA-4568-B344-2A3CC4E69D8D}.Debug|x86.Build.0 = Debug|Win32
		{A7B414B5-F0EA-4568-B344-2A3CC4E69D8D}.Release|x64.ActiveCfg = Release|x64
		{A7B414B5-F0EA-4568-B344-2A3CC4E69D8D}.Release|x64.Build.0 = Release|x64
		{A7B414B5-F0EA-4568-B344-2A3CC4E69D8D}.Release|x86.ActiveCfg = Release|Win32
		{A7B414B5-F0EA-4568-B344-2A3CC4E69D8D}.Release|x86.Build.0 = Release|Win32
		{962DC795-329B-46DF-9010-B2789BE4E575}.Debug|x64.ActiveCfg = Debug|x64
		{962DC795-329B-46DF-9010-B2789BE4E575}.Debug|x64.Build.0 = Debug|x64
		{962DC795-329B-46DF-9010-B2789BE4E575}.Debug|x86.ActiveCfg = Debug|Win32
		{962DC795-329B-46DF-9010-B2789BE4E575}.Debug|x86.Build.0 = Debug|Win32
		{962DC795-329B-46DF-9010-B2789BE4E575}.Release|x64.ActiveCfg = Release|x64
		{962DC795-329B-46DF-9010-B2789BE4E575}.Release|x64.Build.0 = Release|x64
		{962DC795-329B-46DF-9010-B2789BE4E575}.Release|x86.ActiveCfg = Release|Win32
		{962DC795-329B-46DF-9010-B2789BE4E575}.Release|x86.Build.0 = Release|Win32
		{1586C53A-E374-4BB7-B857-B5A7FBC17BD2}.Debug|x64.ActiveCfg = Debug|x64
		{1586C53A-E374-4BB7-B857-B5A7FBC17BD2}.Debug|x64.Build.0 = Debug|x64
		{1586C53A-E374-4BB7-B857-B5A7FBC17BD2}.Debug|x86.ActiveCfg = Debug|Win32
		{1586C53A-E374-4BB7-B857-B5A7FBC17BD2}.Debug|x86.Build.0 = Debug|Win32
		{1586C53A-E374-4BB7-B857-B5A7FBC17BD2}.Release|x64.ActiveCfg = Release|x64
		{1586C53A-E374-4BB7-B857-B5A7FBC17BD2}.Release|x64.Build.0 = Release|x64
		{1586C53A-E374-4BB7-B857-B5A7FBC17BD2}.Release|x86.ActiveCfg = Release|Win32
		{1586C53A-E374-4BB7-B857-B5A7FBC17BD2}.Release|x86.Build.0 = Release|Win32
		{C8D6D47D-D5E3-4334-8184-25F7EFE212E9}.Debug|x64.ActiveCfg = Debug|x64
		{C8D6D47D-D5E3-4334-8184-25F7EFE212E9}.Debug|x64.Build.0 = Debug|x64
		{C8D6D47D-D5E3-4334-8184-25F7EFE212E9}.Debug|x86.ActiveCfg = Debug|Win32
		{C8D6D47D-D5E3-4334-8184-25F7EFE212E9}.Debug|x86.Build.0 = Debug|Win32
		{C8D6D47D-D5E3-4334-8184-25F7EFE212E9}.Release|x64.ActiveCfg = Release|x64
		{C8D6D47D-D5E3-4334-8184-25F7EFE212E9}.Release|x64.Build.0 = Release|x64
		{C8D6D47D-D5E3-4334-8184-25F7EFE212E9}.Release|x86.ActiveCfg = Release|Win32
		{C8D6D47D-D5E3-4334-8184-25F7EFE212E9}.Release|x86.Build.0 = Release|Win32
		{E4332A1E-2C1C-402D-AF83-750BFB45F0D3}.Debug|x64.ActiveCfg = Debug|x64
		{E4332A1E-2C1C-402D-AF83-750BFB45F0D3}.Debug|x64.Build.0 = Debug|x64
		{E4332A1E-2C1C-402D-AF83-750BFB45F0D3}.Debug|x86.ActiveCfg = Debug|Win32
		{E4332A1E-2C1C-402D-AF83-750BFB45F0D3}.Debug|x86.Build.0 = Debug|Win32
		{E4332A1E-2C1C-402D-AF83-750BFB45F0D3}.Release|x64.ActiveCfg = Release|x64
		{E4332A1E-2C1C-402D-AF83-750BFB45F0D3}.Release|x64.Build.0 = Release|x64
		{E4332A1E-2C1C-402D-AF83-750BFB45F0D3}.Release|x86.ActiveCfg = Release|Win32
		{E4332A1E-2C1C-402D-AF83-750BFB45F0D3}.Release|x86.Build.0 = Release|Win32
	EndGlobalSection
	GlobalSection(SolutionProperties) = preSolution
		HideSolutionNode = FALSE
	EndGlobalSection
	GlobalSection(NestedProjects) = preSolution
		{AE4D4DFE-140D-48DB-AA8A-3C64DD32E925} = {214E1745-E637-47ED-AB43-020FE42043EE}
		{B597ACCC-8543-421E-9AB9-919D28B3DFDC} = {214E1745-E637-47ED-AB43-020FE42043EE}
		{2B763631-5CB6-45B2-8F0A-809FAE018453} = {214E1745-E637-47ED-AB43-020FE42043EE}
		{8C0E2C79-03C2-4B59-B4DA-E773D5D2B734} = {214E1745-E637-47ED-AB43-020FE42043EE}
		{C1CA6959-7D04-4103-A916-93819C13D6C7} = {385F3571-B915-4BED-B0BB-59B84053378C}
		{087F18A7-5208-46EB-B605-BF1B51530C1D} = {385F3571-B915-4BED-B0BB-59B84053378C}
		{D184F867-D3A0-48CA-A243-BA4C30B8F184} = {385F3571-B915-4BED-B0BB-59B84053378C}
		{5DD3C093-58DD-42AB-9138-33CD91F5CD6B} = {385F3571-B915-4BED-B0BB-59B84053378C}
		{5A9324B0-586B-4CAD-B9AC-EB0F16D3983E} = {385F3571-B915-4BED-B0BB-59B84053378C}
		{9B2E517F-CC9B-4A81-9B13-561B4773D143} = {385F3571-B915-4BED-B0BB-59B84053378C}
		{4AC462B1-11FE-4B67-A3D3-66CB72154BDD} = {385F3571-B915-4BED-B0BB-59B84053378C}
		{8E414EF6-69DD-429B-8199-98830E49CDDD} = {CFFBD464-5D11-4CE1-A93E-4D69D42581D6}
		{9381C7D2-5234-4A53-8F64-3D28578614B2} = {CFFBD464-5D11-4CE1-A93E-4D69D42581D6}
		{56E25B06-7D35-49A0-BE8C-C89C246C607A} = {CFFBD464-5D11-4CE1-A93E-4D69D42581D6}
		{FB231C38-55C4-4E58-9AB1-7196843A0D8E} = {CFFBD464-5D11-4CE1-A93E-4D69D42581D6}
		{536B15BC-64CF-4311-99DE-E7767D182FB4} = {CFFBD464-5D11-4CE1-A93E-4D69D42581D6}
		{2105B26B-56C0-435E-8B2D-2ABE2720CF18} = {CFFBD464-5D11-4CE1-A93E-4D69D42581D6}
		{94162883-6281-4D5C-9056-F2C57165FB16} = {CFFBD464-5D11-4CE1-A93E-4D69D42581D6}
		{F644668B-AD15-4E84-8A36-95AA51B0DF05} = {CFFBD464-5D11-4CE1-A93E-4D69D42581D6}
		{A7B414B5-F0EA-4568-B344-2A3CC4E69D8D} = {CFFBD464-5D11-4CE1-A93E-4D69D42581D6}
		{962DC795-329B-46DF-9010-B2789BE4E575} = {CFFBD464-5D11-4CE1-A93E-4D69D42581D6}
		{1586C53A-E374-4BB7-B857-B5A7FBC17BD2} = {CFFBD464-5D11-4CE1-A93E-4D69D42581D6}
		{C8D6D47D-D5E3-4334-8184-25F7EFE212E9} = {CFFBD464-5D11-4CE1-A93E-4D69D42581D6}
		{E4332A1E-2C1C-402D-AF83-750BFB45F0D3} = {D12EA613-0F26-4FB3-9260-67D75F8C1425}
	EndGlobalSection
	GlobalSection(ExtensibilityGlobals) = postSolution
		SolutionGuid = {6F453EF6-2BC4-41EE-9A2C-9756365885E3}
	EndGlobalSection
EndGlobal
